lockfileVersion: 5.4

importers:

  .:
    specifiers:
      prettier: npm:wp-prettier@^2.6.2
    devDependencies:
      prettier: /wp-prettier/2.6.2

packages:

  /wp-prettier/2.6.2:
    resolution: {integrity: sha512-AV33EzqiFJ3fj+mPlKABN59YFPReLkDxQnj067Z3uEOeRQf3g05WprL0RDuqM7UBhSRo9W1rMSC2KvZmjE5UOA==}
    engines: {node: '>=10.13.0'}
    hasBin: true
    dev: true
